// !$*UTF8*$!
{
	archiveVersion = 1;
	classes = {
	};
	objectVersion = 46;
	objects = {

/* Begin PBXBuildFile section */
		CF99679C1CD8999D00206629 /* Option.swift in Sources */ = {isa = PBXBuildFile; fileRef = CF99679B1CD8999D00206629 /* Option.swift */; };
		CF99679E1CD89BD000206629 /* ImageEditor.swift in Sources */ = {isa = PBXBuildFile; fileRef = CF99679D1CD89BD000206629 /* ImageEditor.swift */; };
		CFFA749A1CBE2A82004D1FD9 /* Saffron.h in Headers */ = {isa = PBXBuildFile; fileRef = CFFA74991CBE2A82004D1FD9 /* Saffron.h */; settings = {ATTRIBUTES = (Public, ); }; };
		CFFA74A11CBE2A82004D1FD9 /* Saffron.framework in Frameworks */ = {isa = PBXBuildFile; fileRef = CFFA74961CBE2A82004D1FD9 /* Saffron.framework */; };
		CFFA74B61CBE2AA4004D1FD9 /* Cache.swift in Sources */ = {isa = PBXBuildFile; fileRef = CFFA74B01CBE2AA4004D1FD9 /* Cache.swift */; };
		CFFA74B71CBE2AA4004D1FD9 /* DataConvertible.swift in Sources */ = {isa = PBXBuildFile; fileRef = CFFA74B11CBE2AA4004D1FD9 /* DataConvertible.swift */; };
		CFFA74B81CBE2AA4004D1FD9 /* GifEncoder.swift in Sources */ = {isa = PBXBuildFile; fileRef = CFFA74B21CBE2AA4004D1FD9 /* GifEncoder.swift */; };
		CFFA74B91CBE2AA4004D1FD9 /* ImageManager.swift in Sources */ = {isa = PBXBuildFile; fileRef = CFFA74B31CBE2AA4004D1FD9 /* ImageManager.swift */; };
		CFFA74BA1CBE2AA4004D1FD9 /* LoadingAnimator.swift in Sources */ = {isa = PBXBuildFile; fileRef = CFFA74B41CBE2AA4004D1FD9 /* LoadingAnimator.swift */; };
		CFFA74BB1CBE2AA4004D1FD9 /* UIImageViewExtension.swift in Sources */ = {isa = PBXBuildFile; fileRef = CFFA74B51CBE2AA4004D1FD9 /* UIImageViewExtension.swift */; };
		CFFA74BF1CBE2AD3004D1FD9 /* CacheTests.swift in Sources */ = {isa = PBXBuildFile; fileRef = CFFA74BC1CBE2AD3004D1FD9 /* CacheTests.swift */; };
		CFFA74C01CBE2AD3004D1FD9 /* ImageTests.swift in Sources */ = {isa = PBXBuildFile; fileRef = CFFA74BD1CBE2AD3004D1FD9 /* ImageTests.swift */; };
		CFFA74C11CBE2AD3004D1FD9 /* Teemo.jpg in Resources */ = {isa = PBXBuildFile; fileRef = CFFA74BE1CBE2AD3004D1FD9 /* Teemo.jpg */; };
/* End PBXBuildFile section */

/* Begin PBXContainerItemProxy section */
		CFFA74A21CBE2A82004D1FD9 /* PBXContainerItemProxy */ = {
			isa = PBXContainerItemProxy;
			containerPortal = CFFA748D1CBE2A82004D1FD9 /* Project object */;
			proxyType = 1;
			remoteGlobalIDString = CFFA74951CBE2A82004D1FD9;
			remoteInfo = Saffron;
		};
/* End PBXContainerItemProxy section */

/* Begin PBXFileReference section */
		CF99679B1CD8999D00206629 /* Option.swift */ = {isa = PBXFileReference; fileEncoding = 4; lastKnownFileType = sourcecode.swift; path = Option.swift; sourceTree = "<group>"; };
		CF99679D1CD89BD000206629 /* ImageEditor.swift */ = {isa = PBXFileReference; fileEncoding = 4; lastKnownFileType = sourcecode.swift; path = ImageEditor.swift; sourceTree = "<group>"; };
		CFFA74961CBE2A82004D1FD9 /* Saffron.framework */ = {isa = PBXFileReference; explicitFileType = wrapper.framework; includeInIndex = 0; path = Saffron.framework; sourceTree = BUILT_PRODUCTS_DIR; };
		CFFA74991CBE2A82004D1FD9 /* Saffron.h */ = {isa = PBXFileReference; lastKnownFileType = sourcecode.c.h; path = Saffron.h; sourceTree = "<group>"; };
		CFFA749B1CBE2A82004D1FD9 /* Info.plist */ = {isa = PBXFileReference; lastKnownFileType = text.plist.xml; path = Info.plist; sourceTree = "<group>"; };
		CFFA74A01CBE2A82004D1FD9 /* SaffronTests.xctest */ = {isa = PBXFileReference; explicitFileType = wrapper.cfbundle; includeInIndex = 0; path = SaffronTests.xctest; sourceTree = BUILT_PRODUCTS_DIR; };
		CFFA74A71CBE2A82004D1FD9 /* Info.plist */ = {isa = PBXFileReference; lastKnownFileType = text.plist.xml; path = Info.plist; sourceTree = "<group>"; };
		CFFA74B01CBE2AA4004D1FD9 /* Cache.swift */ = {isa = PBXFileReference; fileEncoding = 4; lastKnownFileType = sourcecode.swift; path = Cache.swift; sourceTree = "<group>"; };
		CFFA74B11CBE2AA4004D1FD9 /* DataConvertible.swift */ = {isa = PBXFileReference; fileEncoding = 4; lastKnownFileType = sourcecode.swift; path = DataConvertible.swift; sourceTree = "<group>"; };
		CFFA74B21CBE2AA4004D1FD9 /* GifEncoder.swift */ = {isa = PBXFileReference; fileEncoding = 4; lastKnownFileType = sourcecode.swift; path = GifEncoder.swift; sourceTree = "<group>"; };
		CFFA74B31CBE2AA4004D1FD9 /* ImageManager.swift */ = {isa = PBXFileReference; fileEncoding = 4; lastKnownFileType = sourcecode.swift; path = ImageManager.swift; sourceTree = "<group>"; };
		CFFA74B41CBE2AA4004D1FD9 /* LoadingAnimator.swift */ = {isa = PBXFileReference; fileEncoding = 4; lastKnownFileType = sourcecode.swift; path = LoadingAnimator.swift; sourceTree = "<group>"; };
		CFFA74B51CBE2AA4004D1FD9 /* UIImageViewExtension.swift */ = {isa = PBXFileReference; fileEncoding = 4; lastKnownFileType = sourcecode.swift; path = UIImageViewExtension.swift; sourceTree = "<group>"; };
		CFFA74BC1CBE2AD3004D1FD9 /* CacheTests.swift */ = {isa = PBXFileReference; fileEncoding = 4; lastKnownFileType = sourcecode.swift; path = CacheTests.swift; sourceTree = "<group>"; };
		CFFA74BD1CBE2AD3004D1FD9 /* ImageTests.swift */ = {isa = PBXFileReference; fileEncoding = 4; lastKnownFileType = sourcecode.swift; path = ImageTests.swift; sourceTree = "<group>"; };
		CFFA74BE1CBE2AD3004D1FD9 /* Teemo.jpg */ = {isa = PBXFileReference; lastKnownFileType = image.jpeg; path = Teemo.jpg; sourceTree = "<group>"; };
/* End PBXFileReference section */

/* Begin PBXFrameworksBuildPhase section */
		CFFA74921CBE2A82004D1FD9 /* Frameworks */ = {
			isa = PBXFrameworksBuildPhase;
			buildActionMask = 2147483647;
			files = (
			);
			runOnlyForDeploymentPostprocessing = 0;
		};
		CFFA749D1CBE2A82004D1FD9 /* Frameworks */ = {
			isa = PBXFrameworksBuildPhase;
			buildActionMask = 2147483647;
			files = (
				CFFA74A11CBE2A82004D1FD9 /* Saffron.framework in Frameworks */,
			);
			runOnlyForDeploymentPostprocessing = 0;
		};
/* End PBXFrameworksBuildPhase section */

/* Begin PBXGroup section */
		CFFA748C1CBE2A82004D1FD9 = {
			isa = PBXGroup;
			children = (
				CFFA74981CBE2A82004D1FD9 /* Saffron */,
				CFFA74A41CBE2A82004D1FD9 /* SaffronTests */,
				CFFA74971CBE2A82004D1FD9 /* Products */,
			);
			sourceTree = "<group>";
		};
		CFFA74971CBE2A82004D1FD9 /* Products */ = {
			isa = PBXGroup;
			children = (
				CFFA74961CBE2A82004D1FD9 /* Saffron.framework */,
				CFFA74A01CBE2A82004D1FD9 /* SaffronTests.xctest */,
			);
			name = Products;
			sourceTree = "<group>";
		};
		CFFA74981CBE2A82004D1FD9 /* Saffron */ = {
			isa = PBXGroup;
			children = (
				CFFA74B01CBE2AA4004D1FD9 /* Cache.swift */,
				CFFA74B11CBE2AA4004D1FD9 /* DataConvertible.swift */,
				CFFA74B21CBE2AA4004D1FD9 /* GifEncoder.swift */,
				CFFA74B31CBE2AA4004D1FD9 /* ImageManager.swift */,
				CFFA74B41CBE2AA4004D1FD9 /* LoadingAnimator.swift */,
				CFFA74B51CBE2AA4004D1FD9 /* UIImageViewExtension.swift */,
				CF99679B1CD8999D00206629 /* Option.swift */,
				CF99679D1CD89BD000206629 /* ImageEditor.swift */,
				CFFA74991CBE2A82004D1FD9 /* Saffron.h */,
				CFFA749B1CBE2A82004D1FD9 /* Info.plist */,
			);
			path = Saffron;
			sourceTree = "<group>";
		};
		CFFA74A41CBE2A82004D1FD9 /* SaffronTests */ = {
			isa = PBXGroup;
			children = (
				CFFA74BC1CBE2AD3004D1FD9 /* CacheTests.swift */,
				CFFA74BD1CBE2AD3004D1FD9 /* ImageTests.swift */,
				CFFA74BE1CBE2AD3004D1FD9 /* Teemo.jpg */,
				CFFA74A71CBE2A82004D1FD9 /* Info.plist */,
			);
			path = SaffronTests;
			sourceTree = "<group>";
		};
/* End PBXGroup section */

/* Begin PBXHeadersBuildPhase section */
		CFFA74931CBE2A82004D1FD9 /* Headers */ = {
			isa = PBXHeadersBuildPhase;
			buildActionMask = 2147483647;
			files = (
				CFFA749A1CBE2A82004D1FD9 /* Saffron.h in Headers */,
			);
			runOnlyForDeploymentPostprocessing = 0;
		};
/* End PBXHeadersBuildPhase section */

/* Begin PBXNativeTarget section */
		CFFA74951CBE2A82004D1FD9 /* Saffron */ = {
			isa = PBXNativeTarget;
			buildConfigurationList = CFFA74AA1CBE2A82004D1FD9 /* Build configuration list for PBXNativeTarget "Saffron" */;
			buildPhases = (
				CFFA74911CBE2A82004D1FD9 /* Sources */,
				CFFA74921CBE2A82004D1FD9 /* Frameworks */,
				CFFA74931CBE2A82004D1FD9 /* Headers */,
				CFFA74941CBE2A82004D1FD9 /* Resources */,
			);
			buildRules = (
			);
			dependencies = (
			);
			name = Saffron;
			productName = Saffron;
			productReference = CFFA74961CBE2A82004D1FD9 /* Saffron.framework */;
			productType = "com.apple.product-type.framework";
		};
		CFFA749F1CBE2A82004D1FD9 /* SaffronTests */ = {
			isa = PBXNativeTarget;
			buildConfigurationList = CFFA74AD1CBE2A82004D1FD9 /* Build configuration list for PBXNativeTarget "SaffronTests" */;
			buildPhases = (
				CFFA749C1CBE2A82004D1FD9 /* Sources */,
				CFFA749D1CBE2A82004D1FD9 /* Frameworks */,
				CFFA749E1CBE2A82004D1FD9 /* Resources */,
			);
			buildRules = (
			);
			dependencies = (
				CFFA74A31CBE2A82004D1FD9 /* PBXTargetDependency */,
			);
			name = SaffronTests;
			productName = SaffronTests;
			productReference = CFFA74A01CBE2A82004D1FD9 /* SaffronTests.xctest */;
			productType = "com.apple.product-type.bundle.unit-test";
		};
/* End PBXNativeTarget section */

/* Begin PBXProject section */
		CFFA748D1CBE2A82004D1FD9 /* Project object */ = {
			isa = PBXProject;
			attributes = {
				LastSwiftUpdateCheck = 0730;
				LastUpgradeCheck = 0730;
				ORGANIZATIONNAME = "Captain Teemo";
				TargetAttributes = {
					CFFA74951CBE2A82004D1FD9 = {
						CreatedOnToolsVersion = 7.3;
					};
					CFFA749F1CBE2A82004D1FD9 = {
						CreatedOnToolsVersion = 7.3;
					};
				};
			};
			buildConfigurationList = CFFA74901CBE2A82004D1FD9 /* Build configuration list for PBXProject "Saffron" */;
			compatibilityVersion = "Xcode 3.2";
			developmentRegion = English;
			hasScannedForEncodings = 0;
			knownRegions = (
				en,
			);
			mainGroup = CFFA748C1CBE2A82004D1FD9;
			productRefGroup = CFFA74971CBE2A82004D1FD9 /* Products */;
			projectDirPath = "";
			projectRoot = "";
			targets = (
				CFFA74951CBE2A82004D1FD9 /* Saffron */,
				CFFA749F1CBE2A82004D1FD9 /* SaffronTests */,
			);
		};
/* End PBXProject section */

/* Begin PBXResourcesBuildPhase section */
		CFFA74941CBE2A82004D1FD9 /* Resources */ = {
			isa = PBXResourcesBuildPhase;
			buildActionMask = 2147483647;
			files = (
			);
			runOnlyForDeploymentPostprocessing = 0;
		};
		CFFA749E1CBE2A82004D1FD9 /* Resources */ = {
			isa = PBXResourcesBuildPhase;
			buildActionMask = 2147483647;
			files = (
				CFFA74C11CBE2AD3004D1FD9 /* Teemo.jpg in Resources */,
			);
			runOnlyForDeploymentPostprocessing = 0;
		};
/* End PBXResourcesBuildPhase section */

/* Begin PBXSourcesBuildPhase section */
		CFFA74911CBE2A82004D1FD9 /* Sources */ = {
			isa = PBXSourcesBuildPhase;
			buildActionMask = 2147483647;
			files = (
				CFFA74B81CBE2AA4004D1FD9 /* GifEncoder.swift in Sources */,
				CFFA74B61CBE2AA4004D1FD9 /* Cache.swift in Sources */,
				CFFA74BB1CBE2AA4004D1FD9 /* UIImageViewExtension.swift in Sources */,
				CFFA74BA1CBE2AA4004D1FD9 /* LoadingAnimator.swift in Sources */,
				CFFA74B71CBE2AA4004D1FD9 /* DataConvertible.swift in Sources */,
				CF99679E1CD89BD000206629 /* ImageEditor.swift in Sources */,
				CFFA74B91CBE2AA4004D1FD9 /* ImageManager.swift in Sources */,
				CF99679C1CD8999D00206629 /* Option.swift in Sources */,
			);
			runOnlyForDeploymentPostprocessing = 0;
		};
		CFFA749C1CBE2A82004D1FD9 /* Sources */ = {
			isa = PBXSourcesBuildPhase;
			buildActionMask = 2147483647;
			files = (
				CFFA74BF1CBE2AD3004D1FD9 /* CacheTests.swift in Sources */,
				CFFA74C01CBE2AD3004D1FD9 /* ImageTests.swift in Sources */,
			);
			runOnlyForDeploymentPostprocessing = 0;
		};
/* End PBXSourcesBuildPhase section */

/* Begin PBXTargetDependency section */
		CFFA74A31CBE2A82004D1FD9 /* PBXTargetDependency */ = {
			isa = PBXTargetDependency;
			target = CFFA74951CBE2A82004D1FD9 /* Saffron */;
			targetProxy = CFFA74A21CBE2A82004D1FD9 /* PBXContainerItemProxy */;
		};
/* End PBXTargetDependency section */

/* Begin XCBuildConfiguration section */
		CFFA74A81CBE2A82004D1FD9 /* Debug */ = {
			isa = XCBuildConfiguration;
			buildSettings = {
				ALWAYS_SEARCH_USER_PATHS = NO;
				CLANG_ANALYZER_NONNULL = YES;
				CLANG_CXX_LANGUAGE_STANDARD = "gnu++0x";
				CLANG_CXX_LIBRARY = "libc++";
				CLANG_ENABLE_MODULES = YES;
				CLANG_ENABLE_OBJC_ARC = YES;
				CLANG_WARN_BOOL_CONVERSION = YES;
				CLANG_WARN_CONSTANT_CONVERSION = YES;
				CLANG_WARN_DIRECT_OBJC_ISA_USAGE = YES_ERROR;
				CLANG_WARN_EMPTY_BODY = YES;
				CLANG_WARN_ENUM_CONVERSION = YES;
				CLANG_WARN_INT_CONVERSION = YES;
				CLANG_WARN_OBJC_ROOT_CLASS = YES_ERROR;
				CLANG_WARN_UNREACHABLE_CODE = YES;
				CLANG_WARN__DUPLICATE_METHOD_MATCH = YES;
				"CODE_SIGN_IDENTITY[sdk=iphoneos*]" = "iPhone Developer";
				COPY_PHASE_STRIP = NO;
				CURRENT_PROJECT_VERSION = 1;
				DEBUG_INFORMATION_FORMAT = dwarf;
				ENABLE_STRICT_OBJC_MSGSEND = YES;
				ENABLE_TESTABILITY = YES;
				GCC_C_LANGUAGE_STANDARD = gnu99;
				GCC_DYNAMIC_NO_PIC = NO;
				GCC_NO_COMMON_BLOCKS = YES;
				GCC_OPTIMIZATION_LEVEL = 0;
				GCC_PREPROCESSOR_DEFINITIONS = (
					"DEBUG=1",
					"$(inherited)",
				);
				GCC_WARN_64_TO_32_BIT_CONVERSION = YES;
				GCC_WARN_ABOUT_RETURN_TYPE = YES_ERROR;
				GCC_WARN_UNDECLARED_SELECTOR = YES;
				GCC_WARN_UNINITIALIZED_AUTOS = YES_AGGRESSIVE;
				GCC_WARN_UNUSED_FUNCTION = YES;
				GCC_WARN_UNUSED_VARIABLE = YES;
				IPHONEOS_DEPLOYMENT_TARGET = 8.0;
				MTL_ENABLE_DEBUG_INFO = YES;
				ONLY_ACTIVE_ARCH = YES;
				SDKROOT = iphoneos;
				SWIFT_OPTIMIZATION_LEVEL = "-Onone";
				TARGETED_DEVICE_FAMILY = "1,2";
				VERSIONING_SYSTEM = "apple-generic";
				VERSION_INFO_PREFIX = "";
			};
			name = Debug;
		};
		CFFA74A91CBE2A82004D1FD9 /* Release */ = {
			isa = XCBuildConfiguration;
			buildSettings = {
				ALWAYS_SEARCH_USER_PATHS = NO;
				CLANG_ANALYZER_NONNULL = YES;
				CLANG_CXX_LANGUAGE_STANDARD = "gnu++0x";
				CLANG_CXX_LIBRARY = "libc++";
				CLANG_ENABLE_MODULES = YES;
				CLANG_ENABLE_OBJC_ARC = YES;
				CLANG_WARN_BOOL_CONVERSION = YES;
				CLANG_WARN_CONSTANT_CONVERSION = YES;
				CLANG_WARN_DIRECT_OBJC_ISA_USAGE = YES_ERROR;
				CLANG_WARN_EMPTY_BODY = YES;
				CLANG_WARN_ENUM_CONVERSION = YES;
				CLANG_WARN_INT_CONVERSION = YES;
				CLANG_WARN_OBJC_ROOT_CLASS = YES_ERROR;
				CLANG_WARN_UNREACHABLE_CODE = YES;
				CLANG_WARN__DUPLICATE_METHOD_MATCH = YES;
				"CODE_SIGN_IDENTITY[sdk=iphoneos*]" = "iPhone Developer";
				COPY_PHASE_STRIP = NO;
				CURRENT_PROJECT_VERSION = 1;
				DEBUG_INFORMATION_FORMAT = "dwarf-with-dsym";
				ENABLE_NS_ASSERTIONS = NO;
				ENABLE_STRICT_OBJC_MSGSEND = YES;
				GCC_C_LANGUAGE_STANDARD = gnu99;
				GCC_NO_COMMON_BLOCKS = YES;
				GCC_WARN_64_TO_32_BIT_CONVERSION = YES;
				GCC_WARN_ABOUT_RETURN_TYPE = YES_ERROR;
				GCC_WARN_UNDECLARED_SELECTOR = YES;
				GCC_WARN_UNINITIALIZED_AUTOS = YES_AGGRESSIVE;
				GCC_WARN_UNUSED_FUNCTION = YES;
				GCC_WARN_UNUSED_VARIABLE = YES;
				IPHONEOS_DEPLOYMENT_TARGET = 8.0;
				MTL_ENABLE_DEBUG_INFO = NO;
				SDKROOT = iphoneos;
				TARGETED_DEVICE_FAMILY = "1,2";
				VALIDATE_PRODUCT = YES;
				VERSIONING_SYSTEM = "apple-generic";
				VERSION_INFO_PREFIX = "";
			};
			name = Release;
		};
		CFFA74AB1CBE2A82004D1FD9 /* Debug */ = {
			isa = XCBuildConfiguration;
			buildSettings = {
				CLANG_ENABLE_MODULES = YES;
				DEFINES_MODULE = YES;
				DYLIB_COMPATIBILITY_VERSION = 1;
				DYLIB_CURRENT_VERSION = 1;
				DYLIB_INSTALL_NAME_BASE = "@rpath";
				INFOPLIST_FILE = Saffron/Info.plist;
				INSTALL_PATH = "$(LOCAL_LIBRARY_DIR)/Frameworks";
				LD_RUNPATH_SEARCH_PATHS = "$(inherited) @executable_path/Frameworks @loader_path/Frameworks";
				PRODUCT_BUNDLE_IDENTIFIER = com.captainteemo.Saffron;
				PRODUCT_NAME = "$(TARGET_NAME)";
				SKIP_INSTALL = YES;
				SWIFT_OPTIMIZATION_LEVEL = "-Onone";
			};
			name = Debug;
		};
		CFFA74AC1CBE2A82004D1FD9 /* Release */ = {
			isa = XCBuildConfiguration;
			buildSettings = {
				CLANG_ENABLE_MODULES = YES;
				DEFINES_MODULE = YES;
				DYLIB_COMPATIBILITY_VERSION = 1;
				DYLIB_CURRENT_VERSION = 1;
				DYLIB_INSTALL_NAME_BASE = "@rpath";
				INFOPLIST_FILE = Saffron/Info.plist;
				INSTALL_PATH = "$(LOCAL_LIBRARY_DIR)/Frameworks";
				LD_RUNPATH_SEARCH_PATHS = "$(inherited) @executable_path/Frameworks @loader_path/Frameworks";
				PRODUCT_BUNDLE_IDENTIFIER = com.captainteemo.Saffron;
				PRODUCT_NAME = "$(TARGET_NAME)";
				SKIP_INSTALL = YES;
			};
			name = Release;
		};
		CFFA74AE1CBE2A82004D1FD9 /* Debug */ = {
			isa = XCBuildConfiguration;
			buildSettings = {
				INFOPLIST_FILE = SaffronTests/Info.plist;
				LD_RUNPATH_SEARCH_PATHS = "$(inherited) @executable_path/Frameworks @loader_path/Frameworks";
				PRODUCT_BUNDLE_IDENTIFIER = com.captainteemo.SaffronTests;
				PRODUCT_NAME = "$(TARGET_NAME)";
			};
			name = Debug;
		};
		CFFA74AF1CBE2A82004D1FD9 /* Release */ = {
			isa = XCBuildConfiguration;
			buildSettings = {
				INFOPLIST_FILE = SaffronTests/Info.plist;
				LD_RUNPATH_SEARCH_PATHS = "$(inherited) @executable_path/Frameworks @loader_path/Frameworks";
				PRODUCT_BUNDLE_IDENTIFIER = com.captainteemo.SaffronTests;
				PRODUCT_NAME = "$(TARGET_NAME)";
			};
			name = Release;
		};
/* End XCBuildConfiguration section */

/* Begin XCConfigurationList section */
		CFFA74901CBE2A82004D1FD9 /* Build configuration list for PBXProject "Saffron" */ = {
			isa = XCConfigurationList;
			buildConfigurations = (
				CFFA74A81CBE2A82004D1FD9 /* Debug */,
				CFFA74A91CBE2A82004D1FD9 /* Release */,
			);
			defaultConfigurationIsVisible = 0;
			defaultConfigurationName = Release;
		};
		CFFA74AA1CBE2A82004D1FD9 /* Build configuration list for PBXNativeTarget "Saffron" */ = {
			isa = XCConfigurationList;
			buildConfigurations = (
				CFFA74AB1CBE2A82004D1FD9 /* Debug */,
				CFFA74AC1CBE2A82004D1FD9 /* Release */,
			);
			defaultConfigurationIsVisible = 0;
			defaultConfigurationName = Release;
		};
		CFFA74AD1CBE2A82004D1FD9 /* Build configuration list for PBXNativeTarget "SaffronTests" */ = {
			isa = XCConfigurationList;
			buildConfigurations = (
				CFFA74AE1CBE2A82004D1FD9 /* Debug */,
				CFFA74AF1CBE2A82004D1FD9 /* Release */,
			);
			defaultConfigurationIsVisible = 0;
			defaultConfigurationName = Release;
		};
/* End XCConfigurationList section */
	};
	rootObject = CFFA748D1CBE2A82004D1FD9 /* Project object */;
}
